
Microsoft Visual Studio Solution File, Format Version 12.00
# Visual Studio Version 16
VisualStudioVersion = 16.0.29905.134
MinimumVisualStudioVersion = 10.0.40219.1
Project("{FAE04EC0-301F-11D3-BF4B-00C04F79EFBC}") = "myfirstAzureWebApp", "myfirstAzureWebApp.csproj", "{93FF2619-87B1-4FFB-9A08-0B7D9F073D63}"
EndProject
Global
	GlobalSection(SolutionConfigurationPlatforms) = preSolution
		Debug|Any CPU = Debug|Any CPU
		Release|Any CPU = Release|Any CPU
	EndGlobalSection
	GlobalSection(ProjectConfigurationPlatforms) = postSolution
		{93FF2619-87B1-4FFB-9A08-0B7D9F073D63}.Debug|Any CPU.ActiveCfg = Debug|Any CPU
		{93FF2619-87B1-4FFB-9A08-0B7D9F073D63}.Debug|Any CPU.Build.0 = Debug|Any CPU
		{93FF2619-87B1-4FFB-9A08-0B7D9F073D63}.Release|Any CPU.ActiveCfg = Release|Any CPU
		{93FF2619-87B1-4FFB-9A08-0B7D9F073D63}.Release|Any CPU.Build.0 = Release|Any CPU
	EndGlobalSection
	GlobalSection(SolutionProperties) = preSolution
		HideSolutionNode = FALSE
	EndGlobalSection
	GlobalSection(ExtensibilityGlobals) = postSolution
		SolutionGuid = {306AC5E6-DDAA-4666-BB88-0615ACBB25E0}
	EndGlobalSection
EndGlobal
