
Microsoft Visual Studio Solution File, Format Version 12.00
# Visual Studio Version 16
VisualStudioVersion = 16.0.29905.134
MinimumVisualStudioVersion = 10.0.40219.1
Project("{FAE04EC0-301F-11D3-BF4B-00C04F79EFBC}") = "In_Class_8", "In_Class_8.csproj", "{957C32EF-85CE-4E3A-B839-DD7A0272708A}"
EndProject
Global
	GlobalSection(SolutionConfigurationPlatforms) = preSolution
		Debug|Any CPU = Debug|Any CPU
		Release|Any CPU = Release|Any CPU
	EndGlobalSection
	GlobalSection(ProjectConfigurationPlatforms) = postSolution
		{957C32EF-85CE-4E3A-B839-DD7A0272708A}.Debug|Any CPU.ActiveCfg = Debug|Any CPU
		{957C32EF-85CE-4E3A-B839-DD7A0272708A}.Debug|Any CPU.Build.0 = Debug|Any CPU
		{957C32EF-85CE-4E3A-B839-DD7A0272708A}.Release|Any CPU.ActiveCfg = Release|Any CPU
		{957C32EF-85CE-4E3A-B839-DD7A0272708A}.Release|Any CPU.Build.0 = Release|Any CPU
	EndGlobalSection
	GlobalSection(SolutionProperties) = preSolution
		HideSolutionNode = FALSE
	EndGlobalSection
	GlobalSection(ExtensibilityGlobals) = postSolution
		SolutionGuid = {55A51B2E-FEAC-4BE5-B293-8DFED612EB4B}
	EndGlobalSection
EndGlobal
